
Microsoft Visual Studio Solution File, Format Version 12.00
# Visual Studio Version 17
VisualStudioVersion = 17.7.34031.279
MinimumVisualStudioVersion = 10.0.40219.1
Project("{FAE04EC0-301F-11D3-BF4B-00C04F79EFBC}") = "AVL Tree Inventory Stock", "Assessed Exercise 2 Task C\AVL Tree Inventory Stock.csproj", "{DB9234A6-5A6E-4722-8EBC-CF80002240C2}"
EndProject
Global
	GlobalSection(SolutionConfigurationPlatforms) = preSolution
		Debug|Any CPU = Debug|Any CPU
		Release|Any CPU = Release|Any CPU
	EndGlobalSection
	GlobalSection(ProjectConfigurationPlatforms) = postSolution
		{DB9234A6-5A6E-4722-8EBC-CF80002240C2}.Debug|Any CPU.ActiveCfg = Debug|Any CPU
		{DB9234A6-5A6E-4722-8EBC-CF80002240C2}.Debug|Any CPU.Build.0 = Debug|Any CPU
		{DB9234A6-5A6E-4722-8EBC-CF80002240C2}.Release|Any CPU.ActiveCfg = Release|Any CPU
		{DB9234A6-5A6E-4722-8EBC-CF80002240C2}.Release|Any CPU.Build.0 = Release|Any CPU
	EndGlobalSection
	GlobalSection(SolutionProperties) = preSolution
		HideSolutionNode = FALSE
	EndGlobalSection
	GlobalSection(ExtensibilityGlobals) = postSolution
		SolutionGuid = {388A3463-5A98-4A07-B7A1-142162E14A01}
	EndGlobalSection
EndGlobal
